version = 1
revision = 2
requires-python = ">=3.12"

[[package]]
name = "src"
version = "0.1.0"
source = { virtual = "." }
dependencies = [
    { name = "tree-sitter" },
    { name = "tree-sitter-c" },
]

[package.metadata]
requires-dist = [
    { name = "tree-sitter", specifier = ">=0.25.0" },
    { name = "tree-sitter-c", specifier = ">=0.24.1" },
]

[[package]]
name = "tree-sitter"
version = "0.25.0"
source = { registry = "https://pypi.org/simple" }
sdist = { url = "https://files.pythonhosted.org/packages/98/21/e952c3180f0fd83d09cee9e0bc29f67827c659cee45077ae06eb7d813cfc/tree-sitter-0.25.0.tar.gz", hash = "sha256:15c88775cf24db06677bafe62df058a6457d8a6dde67baa48dd3723b905e79a6", size = 177740, upload-time = "2025-07-20T13:17:48.886Z" }
wheels = [
    { url = "https://files.pythonhosted.org/packages/c5/75/36a4726a09aeb0477ca4a45aba4abf9705642b871539005ca91ddd68faa3/tree_sitter-0.25.0-cp312-cp312-macosx_10_13_x86_64.whl", hash = "sha256:d9efacce0140ad74f97e027fb4ae693debff05f6246f3e024937f9500a0e874a", size = 147016, upload-time = "2025-07-20T13:17:33.921Z" },
    { url = "https://files.pythonhosted.org/packages/ff/5e/a549a21e459de94056cf48ca5e10e3774bc9b0460ffb3aec469a5f6001c0/tree_sitter-0.25.0-cp312-cp312-macosx_11_0_arm64.whl", hash = "sha256:82b4a5535107d2b8feee085edcafa89858faa4e1a98e94cfe1740c0ca8c28d84", size = 140832, upload-time = "2025-07-20T13:17:34.82Z" },
    { url = "https://files.pythonhosted.org/packages/d7/ed/7cc29a309e5f5cc209902c93589d29a4faeb656c7eecc1abd86842633b8f/tree_sitter-0.25.0-cp312-cp312-manylinux2014_aarch64.manylinux_2_17_aarch64.manylinux_2_28_aarch64.whl", hash = "sha256:c613372545490dfba3b3e7d934fda1156e3d16b27c0335c65a92f2b4fa6af5da", size = 617875, upload-time = "2025-07-20T13:17:35.693Z" },
    { url = "https://files.pythonhosted.org/packages/76/fc/43a61a35f021429d905ce272be9a9ea6dad6fe2c849782c53bd083a935cf/tree_sitter-0.25.0-cp312-cp312-manylinux2014_x86_64.manylinux_2_17_x86_64.manylinux_2_28_x86_64.whl", hash = "sha256:241a90c815a354594d3147012ce470cfc797695ab768e29198815e147ef3c165", size = 635857, upload-time = "2025-07-20T13:17:36.676Z" },
    { url = "https://files.pythonhosted.org/packages/9b/28/c9236c505e35b3aedb3c941a359a708c173cbedab8d843fec729bab81ed9/tree_sitter-0.25.0-cp312-cp312-musllinux_1_2_x86_64.whl", hash = "sha256:6f0b01b5068f1888af223021ba461480df28c76f39893c8113aae2154a2b81fd", size = 632649, upload-time = "2025-07-20T13:17:37.56Z" },
    { url = "https://files.pythonhosted.org/packages/13/d3/5dff82a02646619545c4e7c9b9ec87bc126f1937760228fcf2e91f5079c7/tree_sitter-0.25.0-cp312-cp312-win_amd64.whl", hash = "sha256:1807bd1dae1f50721d65b270e6ffa85de84234ae39f98f4da702db56c2627e23", size = 126785, upload-time = "2025-07-20T13:17:38.488Z" },
    { url = "https://files.pythonhosted.org/packages/71/61/4fffd405569d9c1551906766825da75a2d8f1c075be8994542d5d7ba7768/tree_sitter-0.25.0-cp312-cp312-win_arm64.whl", hash = "sha256:7848be6aeab5c1d62d649506d80d0e463727cb1bb55f423e88bf317db0be8d67", size = 113615, upload-time = "2025-07-20T13:17:39.965Z" },
    { url = "https://files.pythonhosted.org/packages/7a/fd/7578088dddec9b89b60d8dfea1901f3a5dff61b66d3c637c309b6209c8db/tree_sitter-0.25.0-cp313-cp313-macosx_10_13_x86_64.whl", hash = "sha256:689a19d51103f727a545ec9ba9cd377267445859838c38ec55d159dc57e82e8a", size = 147009, upload-time = "2025-07-20T13:17:41.038Z" },
    { url = "https://files.pythonhosted.org/packages/7a/3e/6e3dac18c119acf738174a19ce91d89b34f6ad1ca1c5dd57b245ae15c935/tree_sitter-0.25.0-cp313-cp313-macosx_11_0_arm64.whl", hash = "sha256:86288b218ef958dcafe40030d6d70c99baffaf808bd81b49de160f9724fc0ba4", size = 140828, upload-time = "2025-07-20T13:17:42.023Z" },
    { url = "https://files.pythonhosted.org/packages/fa/21/94d26f5d488d85bf5201280f82ce7de374ce30ed5d5469e57623d64ead9a/tree_sitter-0.25.0-cp313-cp313-manylinux2014_aarch64.manylinux_2_17_aarch64.manylinux_2_28_aarch64.whl", hash = "sha256:5241610319177ee2f68b8e719bf1e1b309155e126d9cd567ff84f20878d7e5d0", size = 618600, upload-time = "2025-07-20T13:17:43.203Z" },
    { url = "https://files.pythonhosted.org/packages/67/74/e852445871c0a82bfa5e3d16541e0ce6775ef458d3a8f03ab3737c661832/tree_sitter-0.25.0-cp313-cp313-manylinux2014_x86_64.manylinux_2_17_x86_64.manylinux_2_28_x86_64.whl", hash = "sha256:ae1553d652a54926f80dc0a42fba07db110bb1a3ebaf47d1c4c64f8d44dd8207", size = 636691, upload-time = "2025-07-20T13:17:44.382Z" },
    { url = "https://files.pythonhosted.org/packages/87/67/759afe10e0018aa3ca3269df0257228b2df120e3956171a3667b133f3100/tree_sitter-0.25.0-cp313-cp313-musllinux_1_2_x86_64.whl", hash = "sha256:ccac581551407a73a519b872553973598b69d3d237ffaf32408fb38ecb775484", size = 632730, upload-time = "2025-07-20T13:17:45.687Z" },
    { url = "https://files.pythonhosted.org/packages/8d/42/24a80dafdb32f1f7d16e3236f2ba8a2bc7b0e5c2a19c7b45f874f0980e90/tree_sitter-0.25.0-cp313-cp313-win_amd64.whl", hash = "sha256:d58e912869514ebb441b15c22a13a9c78f1b69be15f6a42b1d18e3f790e5d6ba", size = 126779, upload-time = "2025-07-20T13:17:46.943Z" },
    { url = "https://files.pythonhosted.org/packages/6f/2e/6af369e9d6deab9baaa60e2fa91acf82a68c63d835a2fe4f4265674ecc53/tree_sitter-0.25.0-cp313-cp313-win_arm64.whl", hash = "sha256:a1b8302161fa8da52cfafcd7575fa7d5806a9608a0b51c7a1fe45bfe70b62d46", size = 113623, upload-time = "2025-07-20T13:17:47.718Z" },
]

[[package]]
name = "tree-sitter-c"
version = "0.24.1"
source = { registry = "https://pypi.org/simple" }
sdist = { url = "https://files.pythonhosted.org/packages/f1/f5/ba8cd08d717277551ade8537d3aa2a94b907c6c6e0fbcf4e4d8b1c747fa3/tree_sitter_c-0.24.1.tar.gz", hash = "sha256:7d2d0cda0b8dda428c81440c1e94367f9f13548eedca3f49768bde66b1422ad6", size = 228014, upload-time = "2025-05-24T17:32:58.384Z" }
wheels = [
    { url = "https://files.pythonhosted.org/packages/15/c7/c817be36306e457c2d36cc324789046390d9d8c555c38772429ffdb7d361/tree_sitter_c-0.24.1-cp310-abi3-macosx_10_9_x86_64.whl", hash = "sha256:9c06ac26a1efdcc8b26a8a6970fbc6997c4071857359e5837d4c42892d45fe1e", size = 80940, upload-time = "2025-05-24T17:32:49.967Z" },
    { url = "https://files.pythonhosted.org/packages/7a/42/283909467290b24fdbc29bb32ee20e409a19a55002b43175d66d091ca1a4/tree_sitter_c-0.24.1-cp310-abi3-macosx_11_0_arm64.whl", hash = "sha256:942bcd7cbecd810dcf7ca6f8f834391ebf0771a89479646d891ba4ca2fdfdc88", size = 86304, upload-time = "2025-05-24T17:32:51.271Z" },
    { url = "https://files.pythonhosted.org/packages/94/53/fb4f61d4e5f15ec3da85774a4df8e58d3b5b73036cf167f0203b4dd9d158/tree_sitter_c-0.24.1-cp310-abi3-manylinux_2_17_aarch64.manylinux2014_aarch64.whl", hash = "sha256:9a74cfd7a11ca5a961fafd4d751892ee65acae667d2818968a6f079397d8d28c", size = 109996, upload-time = "2025-05-24T17:32:52.119Z" },
    { url = "https://files.pythonhosted.org/packages/5e/e8/fc541d34ee81c386c5453c2596c1763e8e9cd7cb0725f39d7dfa2276afa4/tree_sitter_c-0.24.1-cp310-abi3-manylinux_2_5_x86_64.manylinux1_x86_64.manylinux_2_17_x86_64.manylinux2014_x86_64.whl", hash = "sha256:a6a807705a3978911dc7ee26a7ad36dcfacb6adfc13c190d496660ec9bd66707", size = 98137, upload-time = "2025-05-24T17:32:53.361Z" },
    { url = "https://files.pythonhosted.org/packages/32/c6/d0563319cae0d5b5780a92e2806074b24afea2a07aa4c10599b899bda3ec/tree_sitter_c-0.24.1-cp310-abi3-musllinux_1_2_x86_64.whl", hash = "sha256:789781afcb710df34144f7e2a20cd80e325114b9119e3956c6bd1dd2d365df98", size = 94148, upload-time = "2025-05-24T17:32:54.855Z" },
    { url = "https://files.pythonhosted.org/packages/50/5a/6361df7f3fa2310c53a0d26b4702a261c332da16fa9d801e381e3a86e25f/tree_sitter_c-0.24.1-cp310-abi3-win_amd64.whl", hash = "sha256:290bff0f9c79c966496ebae45042f77543e6e4aea725f40587a8611d566231a8", size = 84703, upload-time = "2025-05-24T17:32:56.084Z" },
    { url = "https://files.pythonhosted.org/packages/22/6a/210a302e8025ac492cbaea58d3720d66b7d8034c5d747ac5e4d2d235aa25/tree_sitter_c-0.24.1-cp310-abi3-win_arm64.whl", hash = "sha256:d46bbda06f838c2dcb91daf767813671fd366b49ad84ff37db702129267b46e1", size = 82715, upload-time = "2025-05-24T17:32:57.248Z" },
]
